{
  "version": 4,
  "terraform_version": "1.15.7",
  "serial": 9,
  "lineage": "75ba98b5-5dd9-69da-227b-21acb5cdc48c",
  "outputs": {},
  "resources": [
    {
      "mode": "managed",
      "type": "github_branch_protection",
      "name": "main",
      "provider": "provider[\"registry.terraform.io/integrations/github\"]",
      "instances": [
        {
          "schema_version": 2,
          "attributes": {
            "allows_deletions": false,
            "allows_force_pushes": false,
            "enforce_admins": true,
            "force_push_bypassers": [],
            "id": "BPR_kwDORFa9Ac4Eu3w_",
            "lock_branch": false,
            "pattern": "main",
            "repository_id": "pyvista-js",
            "require_conversation_resolution": false,
            "require_signed_commits": false,
            "required_linear_history": false,
            "required_pull_request_reviews": [
              {
                "dismiss_stale_reviews": false,
                "dismissal_restrictions": [],
                "pull_request_bypassers": [],
                "require_code_owner_reviews": true,
                "require_last_push_approval": false,
                "required_approving_review_count": 0,
                "restrict_dismissals": false
              }
            ],
            "required_status_checks": [
              {
                "contexts": [
                  "js-check",
                  "lint"
                ],
                "strict": true
              }
            ],
            "restrict_pushes": []
          },
          "sensitive_attributes": [],
          "identity_schema_version": 0,
          "private": "eyJzY2hlbWFfdmVyc2lvbiI6IjIifQ==",
          "dependencies": [
            "github_repository.main"
          ]
        }
      ]
    },
    {
      "mode": "managed",
      "type": "github_repository",
      "name": "main",
      "provider": "provider[\"registry.terraform.io/integrations/github\"]",
      "instances": [
        {
          "schema_version": 1,
          "attributes": {
            "allow_auto_merge": false,
            "allow_forking": true,
            "allow_merge_commit": false,
            "allow_rebase_merge": false,
            "allow_squash_merge": true,
            "allow_update_branch": true,
            "archive_on_destroy": null,
            "archived": false,
            "auto_init": false,
            "default_branch": "main",
            "delete_branch_on_merge": true,
            "description": "PyVista-like API for vtk.js",
            "etag": "W/\"35a2541799438db792f01c4d7821e7c1841e7a3bbd6b4e048f7abf3a344964fe\"",
            "fork": "false",
            "full_name": "tkoyama010/pyvista-js",
            "git_clone_url": "git://github.com/tkoyama010/pyvista-js.git",
            "gitignore_template": null,
            "has_discussions": true,
            "has_downloads": false,
            "has_issues": true,
            "has_projects": true,
            "has_wiki": true,
            "homepage_url": "https://pyvista-js.readthedocs.io/en/latest/?badge=latest",
            "html_url": "https://github.com/tkoyama010/pyvista-js",
            "http_clone_url": "https://github.com/tkoyama010/pyvista-js.git",
            "id": "pyvista-js",
            "ignore_vulnerability_alerts_during_read": false,
            "is_template": false,
            "license_template": null,
            "merge_commit_message": "PR_TITLE",
            "merge_commit_title": "MERGE_MESSAGE",
            "name": "pyvista-js",
            "node_id": "R_kgDORFa9AQ",
            "pages": [],
            "primary_language": "Python",
            "private": false,
            "repo_id": 1146535169,
            "security_and_analysis": [
              {
                "advanced_security": [],
                "code_security": [],
                "secret_scanning": [
                  {
                    "status": "enabled"
                  }
                ],
                "secret_scanning_ai_detection": [],
                "secret_scanning_non_provider_patterns": [],
                "secret_scanning_push_protection": [
                  {
                    "status": "enabled"
                  }
                ]
              }
            ],
            "source_owner": "",
            "source_repo": "",
            "squash_merge_commit_message": "BLANK",
            "squash_merge_commit_title": "PR_TITLE",
            "ssh_clone_url": "git@github.com:tkoyama010/pyvista-js.git",
            "svn_url": "https://github.com/tkoyama010/pyvista-js",
            "template": [],
            "topics": [
              "3d",
              "fem",
              "finite-element-analysis",
              "finite-elements",
              "hacktoberfest",
              "mesh",
              "mesh-processing",
              "meshviewer",
              "open-science",
              "plotting",
              "python",
              "pyvista",
              "scientific-research",
              "scientific-visualization",
              "visualization",
              "vtk",
              "vtk-js"
            ],
            "visibility": "public",
            "vulnerability_alerts": true,
            "web_commit_signoff_required": false
          },
          "sensitive_attributes": [],
          "identity_schema_version": 0,
          "private": "eyJzY2hlbWFfdmVyc2lvbiI6IjEifQ=="
        }
      ]
    },
    {
      "mode": "managed",
      "type": "github_repository_ruleset",
      "name": "conversation_resolution",
      "provider": "provider[\"registry.terraform.io/integrations/github\"]",
      "instances": [
        {
          "schema_version": 1,
          "attributes": {
            "bypass_actors": [],
            "conditions": [
              {
                "ref_name": [
                  {
                    "exclude": [],
                    "include": [
                      "refs/heads/main"
                    ]
                  }
                ]
              }
            ],
            "enforcement": "active",
            "etag": "W/\"97b4d20e7ad1a1895ebe6cc1f3b773231a1c2dea1e8d5eb7b5d834c800c2ab7d\"",
            "id": "18199060",
            "name": "Require conversation resolution on main",
            "node_id": "RRS_lACqUmVwb3NpdG9yec5EVr0BzgEVshQ",
            "repository": "pyvista-js",
            "rules": [
              {
                "branch_name_pattern": [],
                "commit_author_email_pattern": [],
                "commit_message_pattern": [],
                "committer_email_pattern": [],
                "copilot_code_review": [],
                "creation": false,
                "deletion": false,
                "file_extension_restriction": [],
                "file_path_restriction": [],
                "max_file_path_length": [],
                "max_file_size": [],
                "merge_queue": [],
                "non_fast_forward": false,
                "pull_request": [
                  {
                    "allowed_merge_methods": [
                      "merge",
                      "squash",
                      "rebase"
                    ],
                    "dismiss_stale_reviews_on_push": false,
                    "require_code_owner_review": false,
                    "require_last_push_approval": false,
                    "required_approving_review_count": 0,
                    "required_review_thread_resolution": true,
                    "required_reviewers": []
                  }
                ],
                "required_code_scanning": [],
                "required_deployments": [],
                "required_linear_history": false,
                "required_signatures": false,
                "required_status_checks": [],
                "tag_name_pattern": [],
                "update": false,
                "update_allows_fetch_and_merge": false
              }
            ],
            "ruleset_id": 18199060,
            "target": "branch"
          },
          "sensitive_attributes": [],
          "identity_schema_version": 0,
          "private": "eyJzY2hlbWFfdmVyc2lvbiI6IjEifQ==",
          "dependencies": [
            "github_repository.main"
          ]
        }
      ]
    },
    {
      "mode": "managed",
      "type": "github_repository_ruleset",
      "name": "main",
      "provider": "provider[\"registry.terraform.io/integrations/github\"]",
      "instances": [
        {
          "schema_version": 1,
          "attributes": {
            "bypass_actors": [],
            "conditions": [
              {
                "ref_name": [
                  {
                    "exclude": [],
                    "include": [
                      "~ALL"
                    ]
                  }
                ]
              }
            ],
            "enforcement": "active",
            "etag": "W/\"d9d1f0d5c5240621cdeb58603280a112f05439afabf797593a8bd9c15791ff0f\"",
            "id": "15080364",
            "name": "main",
            "node_id": "RRS_lACqUmVwb3NpdG9yec5EVr0BzgDmG6w",
            "repository": "pyvista-js",
            "rules": [
              {
                "branch_name_pattern": [],
                "commit_author_email_pattern": [],
                "commit_message_pattern": [],
                "committer_email_pattern": [],
                "copilot_code_review": [],
                "creation": false,
                "deletion": true,
                "file_extension_restriction": [],
                "file_path_restriction": [],
                "max_file_path_length": [],
                "max_file_size": [],
                "merge_queue": [],
                "non_fast_forward": true,
                "pull_request": [
                  {
                    "allowed_merge_methods": [
                      "merge",
                      "squash",
                      "rebase"
                    ],
                    "dismiss_stale_reviews_on_push": false,
                    "require_code_owner_review": false,
                    "require_last_push_approval": false,
                    "required_approving_review_count": 1,
                    "required_review_thread_resolution": false,
                    "required_reviewers": []
                  }
                ],
                "required_code_scanning": [],
                "required_deployments": [],
                "required_linear_history": false,
                "required_signatures": false,
                "required_status_checks": [
                  {
                    "do_not_enforce_on_create": false,
                    "required_check": [
                      {
                        "context": "docs/readthedocs.org:pyvista-js",
                        "integration_id": 0
                      },
                      {
                        "context": "docs/readthedocs.org:pyvista-js-ja",
                        "integration_id": 0
                      },
                      {
                        "context": "test (macos-latest, 3.12)",
                        "integration_id": 15368
                      },
                      {
                        "context": "test (macos-latest, 3.13)",
                        "integration_id": 15368
                      },
                      {
                        "context": "test (macos-latest, 3.14)",
                        "integration_id": 15368
                      },
                      {
                        "context": "test (ubuntu-latest, 3.12)",
                        "integration_id": 15368
                      },
                      {
                        "context": "test (ubuntu-latest, 3.13)",
                        "integration_id": 15368
                      },
                      {
                        "context": "test (ubuntu-latest, 3.14)",
                        "integration_id": 15368
                      },
                      {
                        "context": "test (windows-latest, 3.12)",
                        "integration_id": 15368
                      },
                      {
                        "context": "test (windows-latest, 3.13)",
                        "integration_id": 15368
                      },
                      {
                        "context": "test (windows-latest, 3.14)",
                        "integration_id": 15368
                      }
                    ],
                    "strict_required_status_checks_policy": true
                  }
                ],
                "tag_name_pattern": [],
                "update": false,
                "update_allows_fetch_and_merge": false
              }
            ],
            "ruleset_id": 15080364,
            "target": "branch"
          },
          "sensitive_attributes": [],
          "identity_schema_version": 0,
          "private": "eyJzY2hlbWFfdmVyc2lvbiI6IjEifQ==",
          "dependencies": [
            "github_repository.main"
          ]
        }
      ]
    },
    {
      "mode": "managed",
      "type": "github_repository_vulnerability_alerts",
      "name": "main",
      "provider": "provider[\"registry.terraform.io/integrations/github\"]",
      "instances": [
        {
          "schema_version": 0,
          "attributes": {
            "enabled": true,
            "id": "1146535169",
            "repository": "pyvista-js",
            "repository_id": 1146535169
          },
          "sensitive_attributes": [],
          "identity_schema_version": 0,
          "private": "eyJzY2hlbWFfdmVyc2lvbiI6IjAifQ==",
          "dependencies": [
            "github_repository.main"
          ]
        }
      ]
    }
  ],
  "check_results": null
}
